[[package]]
name = "matrixmultiply"
version = "0.1.14"
source = "registry+https://github.com/rust-lang/crates.io-index"
dependencies = [
 "rawpointer 0.1.0 (registry+https://github.com/rust-lang/crates.io-index)",
]

[[package]]
name = "num"
version = "0.1.42"
source = "registry+https://github.com/rust-lang/crates.io-index"
dependencies = [
 "num-integer 0.1.38 (registry+https://github.com/rust-lang/crates.io-index)",
 "num-iter 0.1.37 (registry+https://github.com/rust-lang/crates.io-index)",
 "num-traits 0.2.4 (registry+https://github.com/rust-lang/crates.io-index)",
]

[[package]]
name = "num-integer"
version = "0.1.38"
source = "registry+https://github.com/rust-lang/crates.io-index"
dependencies = [
 "num-traits 0.2.4 (registry+https://github.com/rust-lang/crates.io-index)",
]

[[package]]
name = "num-iter"
version = "0.1.37"
source = "registry+https://github.com/rust-lang/crates.io-index"
dependencies = [
 "num-integer 0.1.38 (registry+https://github.com/rust-lang/crates.io-index)",
 "num-traits 0.2.4 (registry+https://github.com/rust-lang/crates.io-index)",
]

[[package]]
name = "num-traits"
version = "0.2.4"
source = "registry+https://github.com/rust-lang/crates.io-index"

[[package]]
name = "rawpointer"
version = "0.1.0"
source = "registry+https://github.com/rust-lang/crates.io-index"

[[package]]
name = "roots_of_polynomial"
version = "0.1.0"
dependencies = [
 "rulinalg 0.4.2 (registry+https://github.com/rust-lang/crates.io-index)",
]

[[package]]
name = "rulinalg"
version = "0.4.2"
source = "registry+https://github.com/rust-lang/crates.io-index"
dependencies = [
 "matrixmultiply 0.1.14 (registry+https://github.com/rust-lang/crates.io-index)",
 "num 0.1.42 (registry+https://github.com/rust-lang/crates.io-index)",
]

[metadata]
"checksum matrixmultiply 0.1.14 (registry+https://github.com/rust-lang/crates.io-index)" = "cac1a66eab356036af85ea093101a14223dc6e3f4c02a59b7d572e5b93270bf7"
"checksum num 0.1.42 (registry+https://github.com/rust-lang/crates.io-index)" = "4703ad64153382334aa8db57c637364c322d3372e097840c72000dabdcf6156e"
"checksum num-integer 0.1.38 (registry+https://github.com/rust-lang/crates.io-index)" = "6ac0ea58d64a89d9d6b7688031b3be9358d6c919badcf7fbb0527ccfd891ee45"
"checksum num-iter 0.1.37 (registry+https://github.com/rust-lang/crates.io-index)" = "af3fdbbc3291a5464dc57b03860ec37ca6bf915ed6ee385e7c6c052c422b2124"
"checksum num-traits 0.2.4 (registry+https://github.com/rust-lang/crates.io-index)" = "775393e285254d2f5004596d69bb8bc1149754570dcc08cf30cabeba67955e28"
"checksum rawpointer 0.1.0 (registry+https://github.com/rust-lang/crates.io-index)" = "ebac11a9d2e11f2af219b8b8d833b76b1ea0e054aa0e8d8e9e4cbde353bdf019"
"checksum rulinalg 0.4.2 (registry+https://github.com/rust-lang/crates.io-index)" = "04ada202c9685e1d72a7420c578e92b358dbf807d3dfabb676a3dab9cc3bb12f"
